{
  "name": "proxy-chain-docker",
  "version": "1.0.0",
  "lockfileVersion": 3,
  "requires": true,
  "packages": {
    "": {
      "name": "proxy-chain-docker",
      "version": "1.0.0",
      "license": "Apache-2.0",
      "dependencies": {
        "proxy-chain": "^2.3.0"
      }
    },
    "node_modules/proxy-chain": {
      "version": "2.3.0",
      "resolved": "https://registry.npmjs.org/proxy-chain/-/proxy-chain-2.3.0.tgz",
      "integrity": "sha512-S1m0Ao0IGoXfy14dKXAaJCUkCBCnleYzElzoATj42Iq4d8EYqOZq4jS4G/D94AzrU6QaPOzzoEDjbm7VJQGq9g==",
      "dependencies": {
        "tslib": "^2.3.1"
      },
      "engines": {
        "node": ">=14"
      }
    },
    "node_modules/tslib": {
      "version": "2.5.0",
      "resolved": "https://registry.npmjs.org/tslib/-/tslib-2.5.0.tgz",
      "integrity": "sha512-336iVw3rtn2BUK7ORdIAHTyxHGRIHVReokCR3XjbckJMK7ms8FysBfhLR8IXnAgy7T0PTPNBWKiH514FOW/WSg=="
    }
  }
}
